
Microsoft Visual Studio Solution File, Format Version 12.00
# Visual Studio Version 17
VisualStudioVersion = 17.11.35208.52
MinimumVisualStudioVersion = 10.0.40219.1
Project("{FAE04EC0-301F-11D3-BF4B-00C04F79EFBC}") = "WeedInvaders", "WeedInvaders\WeedInvaders.csproj", "{4948A5C1-4230-454D-8B07-C10B3B5BC41B}"
EndProject
Global
	GlobalSection(SolutionConfigurationPlatforms) = preSolution
		Debug|Any CPU = Debug|Any CPU
		Release|Any CPU = Release|Any CPU
	EndGlobalSection
	GlobalSection(ProjectConfigurationPlatforms) = postSolution
		{4948A5C1-4230-454D-8B07-C10B3B5BC41B}.Debug|Any CPU.ActiveCfg = Debug|Any CPU
		{4948A5C1-4230-454D-8B07-C10B3B5BC41B}.Debug|Any CPU.Build.0 = Debug|Any CPU
		{4948A5C1-4230-454D-8B07-C10B3B5BC41B}.Release|Any CPU.ActiveCfg = Release|Any CPU
		{4948A5C1-4230-454D-8B07-C10B3B5BC41B}.Release|Any CPU.Build.0 = Release|Any CPU
	EndGlobalSection
	GlobalSection(SolutionProperties) = preSolution
		HideSolutionNode = FALSE
	EndGlobalSection
	GlobalSection(ExtensibilityGlobals) = postSolution
		SolutionGuid = {2DE6FB08-87AB-4DCE-BE07-82F38DFD8B70}
	EndGlobalSection
EndGlobal
